
Microsoft Visual Studio Solution File, Format Version 12.00
# Visual Studio Version 17
VisualStudioVersion = 17.0.32014.148
MinimumVisualStudioVersion = 10.0.40219.1
Project("{2150E333-8FDC-42A3-9474-1A3956D46DE8}") = "src", "src", "{83D30B97-7BA8-4409-B06E-CB48A0603483}"
EndProject
Project("{FAE04EC0-301F-11D3-BF4B-00C04F79EFBC}") = "Products.Cli", "src\Products.Cli\Products.Cli.csproj", "{C37BA8F3-9F06-498C-94AE-6D07D5BC1A1B}"
EndProject
Project("{2150E333-8FDC-42A3-9474-1A3956D46DE8}") = "test", "test", "{84E6F0BA-09D8-4F77-BE99-93D9A3D278DF}"
EndProject
Project("{2150E333-8FDC-42A3-9474-1A3956D46DE8}") = ".repo", ".repo", "{663D6B12-816C-4B30-B397-E4E24A659D74}"
	ProjectSection(SolutionItems) = preProject
		Directory.Build.props = Directory.Build.props
	EndProjectSection
EndProject
Project("{FAE04EC0-301F-11D3-BF4B-00C04F79EFBC}") = "Unit.Tests", "test\Unit.Tests\Unit.Tests.csproj", "{76FA2ABA-8F91-494E-85CE-459E4FC22B94}"
EndProject
Global
	GlobalSection(SolutionConfigurationPlatforms) = preSolution
		Debug|Any CPU = Debug|Any CPU
		Release|Any CPU = Release|Any CPU
	EndGlobalSection
	GlobalSection(ProjectConfigurationPlatforms) = postSolution
		{C37BA8F3-9F06-498C-94AE-6D07D5BC1A1B}.Debug|Any CPU.ActiveCfg = Debug|Any CPU
		{C37BA8F3-9F06-498C-94AE-6D07D5BC1A1B}.Debug|Any CPU.Build.0 = Debug|Any CPU
		{C37BA8F3-9F06-498C-94AE-6D07D5BC1A1B}.Release|Any CPU.ActiveCfg = Release|Any CPU
		{C37BA8F3-9F06-498C-94AE-6D07D5BC1A1B}.Release|Any CPU.Build.0 = Release|Any CPU
		{76FA2ABA-8F91-494E-85CE-459E4FC22B94}.Debug|Any CPU.ActiveCfg = Debug|Any CPU
		{76FA2ABA-8F91-494E-85CE-459E4FC22B94}.Debug|Any CPU.Build.0 = Debug|Any CPU
		{76FA2ABA-8F91-494E-85CE-459E4FC22B94}.Release|Any CPU.ActiveCfg = Release|Any CPU
		{76FA2ABA-8F91-494E-85CE-459E4FC22B94}.Release|Any CPU.Build.0 = Release|Any CPU
	EndGlobalSection
	GlobalSection(SolutionProperties) = preSolution
		HideSolutionNode = FALSE
	EndGlobalSection
	GlobalSection(NestedProjects) = preSolution
		{C37BA8F3-9F06-498C-94AE-6D07D5BC1A1B} = {83D30B97-7BA8-4409-B06E-CB48A0603483}
		{76FA2ABA-8F91-494E-85CE-459E4FC22B94} = {84E6F0BA-09D8-4F77-BE99-93D9A3D278DF}
	EndGlobalSection
	GlobalSection(ExtensibilityGlobals) = postSolution
		SolutionGuid = {000FC84C-4AF9-4264-8A6F-3976E2C09CC9}
	EndGlobalSection
EndGlobal
